
Microsoft Visual Studio Solution File, Format Version 12.00
# Visual Studio Version 17
VisualStudioVersion = 17.0.31903.59
MinimumVisualStudioVersion = 10.0.40219.1
Project("{9A19103F-16F7-4668-BE54-9A1E7A4F7556}") = "SimpleHexes", "SimpleHexes\SimpleHexes.csproj", "{10ACC20D-D7EE-4BBA-8EC1-B5EAFE3D6124}"
EndProject
Project("{FAE04EC0-301F-11D3-BF4B-00C04F79EFBC}") = "SimpleHexes.Test", "SimpleHexes.Test\SimpleHexes.Test.csproj", "{2C4E0AE2-D558-43D5-9AC7-522D6F124E97}"
EndProject
Global
	GlobalSection(SolutionConfigurationPlatforms) = preSolution
		Debug|Any CPU = Debug|Any CPU
		Release|Any CPU = Release|Any CPU
	EndGlobalSection
	GlobalSection(ProjectConfigurationPlatforms) = postSolution
		{10ACC20D-D7EE-4BBA-8EC1-B5EAFE3D6124}.Debug|Any CPU.ActiveCfg = Debug|Any CPU
		{10ACC20D-D7EE-4BBA-8EC1-B5EAFE3D6124}.Debug|Any CPU.Build.0 = Debug|Any CPU
		{10ACC20D-D7EE-4BBA-8EC1-B5EAFE3D6124}.Release|Any CPU.ActiveCfg = Release|Any CPU
		{10ACC20D-D7EE-4BBA-8EC1-B5EAFE3D6124}.Release|Any CPU.Build.0 = Release|Any CPU
		{2C4E0AE2-D558-43D5-9AC7-522D6F124E97}.Debug|Any CPU.ActiveCfg = Debug|Any CPU
		{2C4E0AE2-D558-43D5-9AC7-522D6F124E97}.Debug|Any CPU.Build.0 = Debug|Any CPU
		{2C4E0AE2-D558-43D5-9AC7-522D6F124E97}.Release|Any CPU.ActiveCfg = Release|Any CPU
		{2C4E0AE2-D558-43D5-9AC7-522D6F124E97}.Release|Any CPU.Build.0 = Release|Any CPU
	EndGlobalSection
	GlobalSection(SolutionProperties) = preSolution
		HideSolutionNode = FALSE
	EndGlobalSection
EndGlobal
